
Microsoft Visual Studio Solution File, Format Version 12.00
# Visual Studio Version 16
VisualStudioVersion = 16.0.32106.194
MinimumVisualStudioVersion = 10.0.40219.1
Project("{FAE04EC0-301F-11D3-BF4B-00C04F79EFBC}") = "Assignment 2", "Assignment 2.csproj", "{D0FE3932-BD13-4F3B-8DC5-3C9EA5A0AE13}"
EndProject
Global
	GlobalSection(SolutionConfigurationPlatforms) = preSolution
		Debug|Any CPU = Debug|Any CPU
		Release|Any CPU = Release|Any CPU
	EndGlobalSection
	GlobalSection(ProjectConfigurationPlatforms) = postSolution
		{D0FE3932-BD13-4F3B-8DC5-3C9EA5A0AE13}.Debug|Any CPU.ActiveCfg = Debug|Any CPU
		{D0FE3932-BD13-4F3B-8DC5-3C9EA5A0AE13}.Debug|Any CPU.Build.0 = Debug|Any CPU
		{D0FE3932-BD13-4F3B-8DC5-3C9EA5A0AE13}.Release|Any CPU.ActiveCfg = Release|Any CPU
		{D0FE3932-BD13-4F3B-8DC5-3C9EA5A0AE13}.Release|Any CPU.Build.0 = Release|Any CPU
	EndGlobalSection
	GlobalSection(SolutionProperties) = preSolution
		HideSolutionNode = FALSE
	EndGlobalSection
	GlobalSection(ExtensibilityGlobals) = postSolution
		SolutionGuid = {07261A52-CC3C-42FE-8B8C-4CD5AEFA3544}
	EndGlobalSection
EndGlobal
